
Microsoft Visual Studio Solution File, Format Version 12.00
# Visual Studio 14
VisualStudioVersion = 14.0.23107.0
MinimumVisualStudioVersion = 10.0.40219.1
Project("{FC65038C-1B2F-41E1-A629-BED71D161FFF}") = "DynamicsAXProject1 (SYS) [Application Suite]", "DynamicsAXProject1\DynamicsAXProject1.rnrproj", "{C693B53D-5404-4C17-BCB3-72C1C5B4B31F}"
EndProject
Project("{FC65038C-1B2F-41E1-A629-BED71D161FFF}") = "DynamicsAXProject2 (USR) [PowerAX]", "DynamicsAXProject2\DynamicsAXProject2.rnrproj", "{C351CA38-17F0-4A43-86A5-2DAB29BF1A62}"
	ProjectSection(ProjectDependencies) = postProject
		{C693B53D-5404-4C17-BCB3-72C1C5B4B31F} = {C693B53D-5404-4C17-BCB3-72C1C5B4B31F}
	EndProjectSection
EndProject
Global
	GlobalSection(SolutionConfigurationPlatforms) = preSolution
		Debug|Any CPU = Debug|Any CPU
	EndGlobalSection
	GlobalSection(ProjectConfigurationPlatforms) = postSolution
		{C693B53D-5404-4C17-BCB3-72C1C5B4B31F}.Debug|Any CPU.ActiveCfg = Debug|Any CPU
		{C693B53D-5404-4C17-BCB3-72C1C5B4B31F}.Debug|Any CPU.Build.0 = Debug|Any CPU
		{C351CA38-17F0-4A43-86A5-2DAB29BF1A62}.Debug|Any CPU.ActiveCfg = Debug|Any CPU
		{C351CA38-17F0-4A43-86A5-2DAB29BF1A62}.Debug|Any CPU.Build.0 = Debug|Any CPU
	EndGlobalSection
	GlobalSection(SolutionProperties) = preSolution
		HideSolutionNode = FALSE
	EndGlobalSection
EndGlobal
