
Microsoft Visual Studio Solution File, Format Version 12.00
# Visual Studio 14
VisualStudioVersion = 14.0.25420.1
MinimumVisualStudioVersion = 10.0.40219.1
Project("{FC65038C-1B2F-41E1-A629-BED71D161FFF}") = "FleetManagement (ISV) [Fleet Management]", "FleetManagement\FleetManagement.rnrproj", "{4D86CA6A-E82C-46F7-B286-1DC65C606C04}"
EndProject
Project("{FC65038C-1B2F-41E1-A629-BED71D161FFF}") = "FleetManagementExtension (ISV) [Fleet Management Extension]", "FleetManagementExtension\FleetManagementExtension.rnrproj", "{060FEBE9-F987-4889-8832-CCBC09AE2D79}"
	ProjectSection(ProjectDependencies) = postProject
		{4D86CA6A-E82C-46F7-B286-1DC65C606C04} = {4D86CA6A-E82C-46F7-B286-1DC65C606C04}
	EndProjectSection
EndProject
Project("{FC65038C-1B2F-41E1-A629-BED71D161FFF}") = "FleetManagementUnitTestSample (ISV) [Fleet Management Unit Tests]", "FleetManagementUnitTestSample\FleetManagementUnitTestSample.rnrproj", "{3F4C4B2C-A203-4972-8202-F7843896A85E}"
	ProjectSection(ProjectDependencies) = postProject
		{4D86CA6A-E82C-46F7-B286-1DC65C606C04} = {4D86CA6A-E82C-46F7-B286-1DC65C606C04}
		{060FEBE9-F987-4889-8832-CCBC09AE2D79} = {060FEBE9-F987-4889-8832-CCBC09AE2D79}
	EndProjectSection
EndProject
Global
	GlobalSection(SolutionConfigurationPlatforms) = preSolution
		Debug|Any CPU = Debug|Any CPU
	EndGlobalSection
	GlobalSection(ProjectConfigurationPlatforms) = postSolution
		{4D86CA6A-E82C-46F7-B286-1DC65C606C04}.Debug|Any CPU.ActiveCfg = Debug|Any CPU
		{4D86CA6A-E82C-46F7-B286-1DC65C606C04}.Debug|Any CPU.Build.0 = Debug|Any CPU
		{060FEBE9-F987-4889-8832-CCBC09AE2D79}.Debug|Any CPU.ActiveCfg = Debug|Any CPU
		{060FEBE9-F987-4889-8832-CCBC09AE2D79}.Debug|Any CPU.Build.0 = Debug|Any CPU
		{3F4C4B2C-A203-4972-8202-F7843896A85E}.Debug|Any CPU.ActiveCfg = Debug|Any CPU
		{3F4C4B2C-A203-4972-8202-F7843896A85E}.Debug|Any CPU.Build.0 = Debug|Any CPU
	EndGlobalSection
	GlobalSection(SolutionProperties) = preSolution
		HideSolutionNode = FALSE
	EndGlobalSection
EndGlobal
